
Microsoft Visual Studio Solution File, Format Version 12.00
# Visual Studio Version 16
VisualStudioVersion = 16.0.31624.102
MinimumVisualStudioVersion = 10.0.40219.1
Project("{9A19103F-16F7-4668-BE54-9A1E7A4F7556}") = "SingleTone", "SingleTone\SingleTone.csproj", "{EEBECF53-D936-4D22-883D-B913E59169D8}"
EndProject
Project("{9A19103F-16F7-4668-BE54-9A1E7A4F7556}") = "BuilderPattern", "BuilderPattern\BuilderPattern.csproj", "{C2426D51-219C-475E-B584-3AF0CAF48431}"
EndProject
Project("{FAE04EC0-301F-11D3-BF4B-00C04F79EFBC}") = "PrototypePattern", "PrototypePattern\PrototypePattern.csproj", "{90F8B307-5332-4BF4-A21E-EAB9E7397C4F}"
EndProject
Project("{FAE04EC0-301F-11D3-BF4B-00C04F79EFBC}") = "FactoryPattern", "FactoryPattern\FactoryPattern.csproj", "{D8D647CA-98F6-42AC-8389-64689146AB03}"
EndProject
Project("{FAE04EC0-301F-11D3-BF4B-00C04F79EFBC}") = "AbstractFactory", "AbstractFactory\AbstractFactory.csproj", "{37BBC0B8-370B-4F68-83D7-8377E2004068}"
EndProject
Global
	GlobalSection(SolutionConfigurationPlatforms) = preSolution
		Debug|Any CPU = Debug|Any CPU
		Release|Any CPU = Release|Any CPU
	EndGlobalSection
	GlobalSection(ProjectConfigurationPlatforms) = postSolution
		{EEBECF53-D936-4D22-883D-B913E59169D8}.Debug|Any CPU.ActiveCfg = Debug|Any CPU
		{EEBECF53-D936-4D22-883D-B913E59169D8}.Debug|Any CPU.Build.0 = Debug|Any CPU
		{EEBECF53-D936-4D22-883D-B913E59169D8}.Release|Any CPU.ActiveCfg = Release|Any CPU
		{EEBECF53-D936-4D22-883D-B913E59169D8}.Release|Any CPU.Build.0 = Release|Any CPU
		{C2426D51-219C-475E-B584-3AF0CAF48431}.Debug|Any CPU.ActiveCfg = Debug|Any CPU
		{C2426D51-219C-475E-B584-3AF0CAF48431}.Debug|Any CPU.Build.0 = Debug|Any CPU
		{C2426D51-219C-475E-B584-3AF0CAF48431}.Release|Any CPU.ActiveCfg = Release|Any CPU
		{C2426D51-219C-475E-B584-3AF0CAF48431}.Release|Any CPU.Build.0 = Release|Any CPU
		{90F8B307-5332-4BF4-A21E-EAB9E7397C4F}.Debug|Any CPU.ActiveCfg = Debug|Any CPU
		{90F8B307-5332-4BF4-A21E-EAB9E7397C4F}.Debug|Any CPU.Build.0 = Debug|Any CPU
		{90F8B307-5332-4BF4-A21E-EAB9E7397C4F}.Release|Any CPU.ActiveCfg = Release|Any CPU
		{90F8B307-5332-4BF4-A21E-EAB9E7397C4F}.Release|Any CPU.Build.0 = Release|Any CPU
		{D8D647CA-98F6-42AC-8389-64689146AB03}.Debug|Any CPU.ActiveCfg = Debug|Any CPU
		{D8D647CA-98F6-42AC-8389-64689146AB03}.Debug|Any CPU.Build.0 = Debug|Any CPU
		{D8D647CA-98F6-42AC-8389-64689146AB03}.Release|Any CPU.ActiveCfg = Release|Any CPU
		{D8D647CA-98F6-42AC-8389-64689146AB03}.Release|Any CPU.Build.0 = Release|Any CPU
		{37BBC0B8-370B-4F68-83D7-8377E2004068}.Debug|Any CPU.ActiveCfg = Debug|Any CPU
		{37BBC0B8-370B-4F68-83D7-8377E2004068}.Debug|Any CPU.Build.0 = Debug|Any CPU
		{37BBC0B8-370B-4F68-83D7-8377E2004068}.Release|Any CPU.ActiveCfg = Release|Any CPU
		{37BBC0B8-370B-4F68-83D7-8377E2004068}.Release|Any CPU.Build.0 = Release|Any CPU
	EndGlobalSection
	GlobalSection(SolutionProperties) = preSolution
		HideSolutionNode = FALSE
	EndGlobalSection
	GlobalSection(ExtensibilityGlobals) = postSolution
		SolutionGuid = {D0C7DDC6-9A30-44EC-A762-FC7E15C731A8}
	EndGlobalSection
EndGlobal
